
Microsoft Visual Studio Solution File, Format Version 12.00
# Visual Studio Version 16
VisualStudioVersion = 16.0.31605.320
MinimumVisualStudioVersion = 10.0.40219.1
Project("{FAE04EC0-301F-11D3-BF4B-00C04F79EFBC}") = "NewsProject", "NewsProject.csproj", "{D94FE27E-02D0-45E4-AD29-401DAE705B13}"
EndProject
Project("{FAE04EC0-301F-11D3-BF4B-00C04F79EFBC}") = "TestProject", "..\TestProject\TestProject.csproj", "{64771071-7060-4379-B0CA-EE532E14FA6A}"
EndProject
Global
	GlobalSection(SolutionConfigurationPlatforms) = preSolution
		Debug|Any CPU = Debug|Any CPU
		Release|Any CPU = Release|Any CPU
	EndGlobalSection
	GlobalSection(ProjectConfigurationPlatforms) = postSolution
		{D94FE27E-02D0-45E4-AD29-401DAE705B13}.Debug|Any CPU.ActiveCfg = Debug|Any CPU
		{D94FE27E-02D0-45E4-AD29-401DAE705B13}.Debug|Any CPU.Build.0 = Debug|Any CPU
		{D94FE27E-02D0-45E4-AD29-401DAE705B13}.Release|Any CPU.ActiveCfg = Release|Any CPU
		{D94FE27E-02D0-45E4-AD29-401DAE705B13}.Release|Any CPU.Build.0 = Release|Any CPU
		{64771071-7060-4379-B0CA-EE532E14FA6A}.Debug|Any CPU.ActiveCfg = Debug|Any CPU
		{64771071-7060-4379-B0CA-EE532E14FA6A}.Debug|Any CPU.Build.0 = Debug|Any CPU
		{64771071-7060-4379-B0CA-EE532E14FA6A}.Release|Any CPU.ActiveCfg = Release|Any CPU
		{64771071-7060-4379-B0CA-EE532E14FA6A}.Release|Any CPU.Build.0 = Release|Any CPU
	EndGlobalSection
	GlobalSection(SolutionProperties) = preSolution
		HideSolutionNode = FALSE
	EndGlobalSection
	GlobalSection(ExtensibilityGlobals) = postSolution
		SolutionGuid = {1A107977-AFF6-4522-8FF9-89904E904B17}
	EndGlobalSection
EndGlobal
